
Microsoft Visual Studio Solution File, Format Version 12.00
# Visual Studio Version 16
VisualStudioVersion = 16.0.32106.194
MinimumVisualStudioVersion = 10.0.40219.1
Project("{FAE04EC0-301F-11D3-BF4B-00C04F79EFBC}") = "DAL", "DAL\DAL.csproj", "{A1E76F5F-9676-4CE4-A953-776F6D255E72}"
EndProject
Project("{FAE04EC0-301F-11D3-BF4B-00C04F79EFBC}") = "AppServiceLayer", "AppServiceLayer\AppServiceLayer.csproj", "{6CB57885-1387-466C-B4AA-9B4B655001B1}"
EndProject
Project("{FAE04EC0-301F-11D3-BF4B-00C04F79EFBC}") = "AppHttpClient", "AppHttpClient\AppHttpClient.csproj", "{04C1304E-97EB-4B75-B5BE-87B46096CD9F}"
EndProject
Global
	GlobalSection(SolutionConfigurationPlatforms) = preSolution
		Debug|Any CPU = Debug|Any CPU
		Release|Any CPU = Release|Any CPU
	EndGlobalSection
	GlobalSection(ProjectConfigurationPlatforms) = postSolution
		{A1E76F5F-9676-4CE4-A953-776F6D255E72}.Debug|Any CPU.ActiveCfg = Debug|Any CPU
		{A1E76F5F-9676-4CE4-A953-776F6D255E72}.Debug|Any CPU.Build.0 = Debug|Any CPU
		{A1E76F5F-9676-4CE4-A953-776F6D255E72}.Release|Any CPU.ActiveCfg = Release|Any CPU
		{A1E76F5F-9676-4CE4-A953-776F6D255E72}.Release|Any CPU.Build.0 = Release|Any CPU
		{6CB57885-1387-466C-B4AA-9B4B655001B1}.Debug|Any CPU.ActiveCfg = Debug|Any CPU
		{6CB57885-1387-466C-B4AA-9B4B655001B1}.Debug|Any CPU.Build.0 = Debug|Any CPU
		{6CB57885-1387-466C-B4AA-9B4B655001B1}.Release|Any CPU.ActiveCfg = Release|Any CPU
		{6CB57885-1387-466C-B4AA-9B4B655001B1}.Release|Any CPU.Build.0 = Release|Any CPU
		{04C1304E-97EB-4B75-B5BE-87B46096CD9F}.Debug|Any CPU.ActiveCfg = Debug|Any CPU
		{04C1304E-97EB-4B75-B5BE-87B46096CD9F}.Debug|Any CPU.Build.0 = Debug|Any CPU
		{04C1304E-97EB-4B75-B5BE-87B46096CD9F}.Release|Any CPU.ActiveCfg = Release|Any CPU
		{04C1304E-97EB-4B75-B5BE-87B46096CD9F}.Release|Any CPU.Build.0 = Release|Any CPU
	EndGlobalSection
	GlobalSection(SolutionProperties) = preSolution
		HideSolutionNode = FALSE
	EndGlobalSection
	GlobalSection(ExtensibilityGlobals) = postSolution
		SolutionGuid = {6C2C0A77-073A-47F9-B259-7B18D0A5AF72}
	EndGlobalSection
EndGlobal
